// !$*UTF8*$!
{
	archiveVersion = 1;
	classes = {
	};
	objectVersion = 56;
	objects = {

/* Begin PBXBuildFile section */
		5DF8093A2B21144200036D23 /* ProximityShareApp.swift in Sources */ = {isa = PBXBuildFile; fileRef = 5DF809392B21144200036D23 /* ProximityShareApp.swift */; };
		5DF8093C2B21144200036D23 /* ContentView.swift in Sources */ = {isa = PBXBuildFile; fileRef = 5DF8093B2B21144200036D23 /* ContentView.swift */; };
		5DF8093E2B21144400036D23 /* Assets.xcassets in Resources */ = {isa = PBXBuildFile; fileRef = 5DF8093D2B21144400036D23 /* Assets.xcassets */; };
		5DF809422B21144400036D23 /* Preview Assets.xcassets in Resources */ = {isa = PBXBuildFile; fileRef = 5DF809412B21144400036D23 /* Preview Assets.xcassets */; };
		5DF8094A2B2114CA00036D23 /* MCSessionManager.swift in Sources */ = {isa = PBXBuildFile; fileRef = 5DF809492B2114CA00036D23 /* MCSessionManager.swift */; };
		5DF8094F2B2121F200036D23 /* MCSessionDetails.swift in Sources */ = {isa = PBXBuildFile; fileRef = 5DF8094E2B2121F200036D23 /* MCSessionDetails.swift */; };
		5DF809552B2135F700036D23 /* MCUser.swift in Sources */ = {isa = PBXBuildFile; fileRef = 5DF809542B2135F700036D23 /* MCUser.swift */; };
		5DF8095A2B21394700036D23 /* Preferences.swift in Sources */ = {isa = PBXBuildFile; fileRef = 5DF809592B21394700036D23 /* Preferences.swift */; };
		5DF8095E2B2139C900036D23 /* DisplayPicture.swift in Sources */ = {isa = PBXBuildFile; fileRef = 5DF8095D2B2139C900036D23 /* DisplayPicture.swift */; };
		5DF809602B2139F700036D23 /* SettingsView.swift in Sources */ = {isa = PBXBuildFile; fileRef = 5DF8095F2B2139F700036D23 /* SettingsView.swift */; };
		5DF809622B213ADF00036D23 /* ProfileView.swift in Sources */ = {isa = PBXBuildFile; fileRef = 5DF809612B213ADF00036D23 /* ProfileView.swift */; };
		5DF809682B21476500036D23 /* HomeView.swift in Sources */ = {isa = PBXBuildFile; fileRef = 5DF809672B21476500036D23 /* HomeView.swift */; };
		5DF8096A2B21477400036D23 /* SessionViewModel.swift in Sources */ = {isa = PBXBuildFile; fileRef = 5DF809692B21477400036D23 /* SessionViewModel.swift */; };
		5DF8098B2B21A5FB00036D23 /* SchemaV1.swift in Sources */ = {isa = PBXBuildFile; fileRef = 5DF8098A2B21A5FB00036D23 /* SchemaV1.swift */; };
		5DF8098D2B21AB9700036D23 /* PreviewDependencies.swift in Sources */ = {isa = PBXBuildFile; fileRef = 5DF8098C2B21AB9700036D23 /* PreviewDependencies.swift */; };
		5DF8098F2B2218B400036D23 /* SessionSearchView.swift in Sources */ = {isa = PBXBuildFile; fileRef = 5DF8098E2B2218B400036D23 /* SessionSearchView.swift */; };
		5DF809912B2219E700036D23 /* MCEventUpdate.swift in Sources */ = {isa = PBXBuildFile; fileRef = 5DF809902B2219E700036D23 /* MCEventUpdate.swift */; };
		5DF809942B22256700036D23 /* SessionListItem.swift in Sources */ = {isa = PBXBuildFile; fileRef = 5DF809932B22256700036D23 /* SessionListItem.swift */; };
		5DF809962B222B6000036D23 /* JsonUtils.swift in Sources */ = {isa = PBXBuildFile; fileRef = 5DF809952B222B6000036D23 /* JsonUtils.swift */; };
		5DF809982B222F8500036D23 /* MCSessionInvite.swift in Sources */ = {isa = PBXBuildFile; fileRef = 5DF809972B222F8500036D23 /* MCSessionInvite.swift */; };
		5DF8099B2B22431500036D23 /* SessionView.swift in Sources */ = {isa = PBXBuildFile; fileRef = 5DF8099A2B22431500036D23 /* SessionView.swift */; };
/* End PBXBuildFile section */

/* Begin PBXFileReference section */
		5DF809362B21144200036D23 /* ProximityShare.app */ = {isa = PBXFileReference; explicitFileType = wrapper.application; includeInIndex = 0; path = ProximityShare.app; sourceTree = BUILT_PRODUCTS_DIR; };
		5DF809392B21144200036D23 /* ProximityShareApp.swift */ = {isa = PBXFileReference; lastKnownFileType = sourcecode.swift; path = ProximityShareApp.swift; sourceTree = "<group>"; };
		5DF8093B2B21144200036D23 /* ContentView.swift */ = {isa = PBXFileReference; lastKnownFileType = sourcecode.swift; path = ContentView.swift; sourceTree = "<group>"; };
		5DF8093D2B21144400036D23 /* Assets.xcassets */ = {isa = PBXFileReference; lastKnownFileType = folder.assetcatalog; path = Assets.xcassets; sourceTree = "<group>"; };
		5DF8093F2B21144400036D23 /* ProximityShare.entitlements */ = {isa = PBXFileReference; lastKnownFileType = text.plist.entitlements; path = ProximityShare.entitlements; sourceTree = "<group>"; };
		5DF809412B21144400036D23 /* Preview Assets.xcassets */ = {isa = PBXFileReference; lastKnownFileType = folder.assetcatalog; path = "Preview Assets.xcassets"; sourceTree = "<group>"; };
		5DF809492B2114CA00036D23 /* MCSessionManager.swift */ = {isa = PBXFileReference; lastKnownFileType = sourcecode.swift; path = MCSessionManager.swift; sourceTree = "<group>"; };
		5DF8094E2B2121F200036D23 /* MCSessionDetails.swift */ = {isa = PBXFileReference; lastKnownFileType = sourcecode.swift; path = MCSessionDetails.swift; sourceTree = "<group>"; };
		5DF809532B2133DE00036D23 /* Info.plist */ = {isa = PBXFileReference; lastKnownFileType = text.plist; path = Info.plist; sourceTree = "<group>"; };
		5DF809542B2135F700036D23 /* MCUser.swift */ = {isa = PBXFileReference; lastKnownFileType = sourcecode.swift; path = MCUser.swift; sourceTree = "<group>"; };
		5DF809592B21394700036D23 /* Preferences.swift */ = {isa = PBXFileReference; lastKnownFileType = sourcecode.swift; path = Preferences.swift; sourceTree = "<group>"; };
		5DF8095D2B2139C900036D23 /* DisplayPicture.swift */ = {isa = PBXFileReference; lastKnownFileType = sourcecode.swift; path = DisplayPicture.swift; sourceTree = "<group>"; };
		5DF8095F2B2139F700036D23 /* SettingsView.swift */ = {isa = PBXFileReference; lastKnownFileType = sourcecode.swift; path = SettingsView.swift; sourceTree = "<group>"; };
		5DF809612B213ADF00036D23 /* ProfileView.swift */ = {isa = PBXFileReference; lastKnownFileType = sourcecode.swift; path = ProfileView.swift; sourceTree = "<group>"; };
		5DF809672B21476500036D23 /* HomeView.swift */ = {isa = PBXFileReference; lastKnownFileType = sourcecode.swift; path = HomeView.swift; sourceTree = "<group>"; };
		5DF809692B21477400036D23 /* SessionViewModel.swift */ = {isa = PBXFileReference; lastKnownFileType = sourcecode.swift; path = SessionViewModel.swift; sourceTree = "<group>"; };
		5DF8098A2B21A5FB00036D23 /* SchemaV1.swift */ = {isa = PBXFileReference; lastKnownFileType = sourcecode.swift; path = SchemaV1.swift; sourceTree = "<group>"; };
		5DF8098C2B21AB9700036D23 /* PreviewDependencies.swift */ = {isa = PBXFileReference; lastKnownFileType = sourcecode.swift; path = PreviewDependencies.swift; sourceTree = "<group>"; };
		5DF8098E2B2218B400036D23 /* SessionSearchView.swift */ = {isa = PBXFileReference; lastKnownFileType = sourcecode.swift; path = SessionSearchView.swift; sourceTree = "<group>"; };
		5DF809902B2219E700036D23 /* MCEventUpdate.swift */ = {isa = PBXFileReference; lastKnownFileType = sourcecode.swift; path = MCEventUpdate.swift; sourceTree = "<group>"; };
		5DF809932B22256700036D23 /* SessionListItem.swift */ = {isa = PBXFileReference; lastKnownFileType = sourcecode.swift; path = SessionListItem.swift; sourceTree = "<group>"; };
		5DF809952B222B6000036D23 /* JsonUtils.swift */ = {isa = PBXFileReference; lastKnownFileType = sourcecode.swift; path = JsonUtils.swift; sourceTree = "<group>"; };
		5DF809972B222F8500036D23 /* MCSessionInvite.swift */ = {isa = PBXFileReference; lastKnownFileType = sourcecode.swift; path = MCSessionInvite.swift; sourceTree = "<group>"; };
		5DF8099A2B22431500036D23 /* SessionView.swift */ = {isa = PBXFileReference; lastKnownFileType = sourcecode.swift; path = SessionView.swift; sourceTree = "<group>"; };
/* End PBXFileReference section */

/* Begin PBXFrameworksBuildPhase section */
		5DF809332B21144200036D23 /* Frameworks */ = {
			isa = PBXFrameworksBuildPhase;
			buildActionMask = 2147483647;
			files = (
			);
			runOnlyForDeploymentPostprocessing = 0;
		};
/* End PBXFrameworksBuildPhase section */

/* Begin PBXGroup section */
		5DF8092D2B21144200036D23 = {
			isa = PBXGroup;
			children = (
				5DF809382B21144200036D23 /* ProximityShare */,
				5DF809372B21144200036D23 /* Products */,
			);
			sourceTree = "<group>";
		};
		5DF809372B21144200036D23 /* Products */ = {
			isa = PBXGroup;
			children = (
				5DF809362B21144200036D23 /* ProximityShare.app */,
			);
			name = Products;
			sourceTree = "<group>";
		};
		5DF809382B21144200036D23 /* ProximityShare */ = {
			isa = PBXGroup;
			children = (
				5DF809522B21285400036D23 /* Connectivity */,
				5DF809632B21472200036D23 /* Sessions */,
				5DF809572B21391800036D23 /* Settings */,
				5DF809392B21144200036D23 /* ProximityShareApp.swift */,
				5DF8093B2B21144200036D23 /* ContentView.swift */,
				5DF809532B2133DE00036D23 /* Info.plist */,
				5DF8093D2B21144400036D23 /* Assets.xcassets */,
				5DF8093F2B21144400036D23 /* ProximityShare.entitlements */,
				5DF809402B21144400036D23 /* Preview Content */,
			);
			path = ProximityShare;
			sourceTree = "<group>";
		};
		5DF809402B21144400036D23 /* Preview Content */ = {
			isa = PBXGroup;
			children = (
				5DF809412B21144400036D23 /* Preview Assets.xcassets */,
				5DF8098C2B21AB9700036D23 /* PreviewDependencies.swift */,
			);
			path = "Preview Content";
			sourceTree = "<group>";
		};
		5DF809482B21148A00036D23 /* Helpers */ = {
			isa = PBXGroup;
			children = (
				5DF809492B2114CA00036D23 /* MCSessionManager.swift */,
				5DF809952B222B6000036D23 /* JsonUtils.swift */,
			);
			path = Helpers;
			sourceTree = "<group>";
		};
		5DF8094B2B211E9E00036D23 /* Models */ = {
			isa = PBXGroup;
			children = (
				5DF8094E2B2121F200036D23 /* MCSessionDetails.swift */,
				5DF809542B2135F700036D23 /* MCUser.swift */,
				5DF809902B2219E700036D23 /* MCEventUpdate.swift */,
				5DF809972B222F8500036D23 /* MCSessionInvite.swift */,
			);
			path = Models;
			sourceTree = "<group>";
		};
		5DF809522B21285400036D23 /* Connectivity */ = {
			isa = PBXGroup;
			children = (
				5DF809482B21148A00036D23 /* Helpers */,
				5DF8094B2B211E9E00036D23 /* Models */,
			);
			path = Connectivity;
			sourceTree = "<group>";
		};
		5DF809572B21391800036D23 /* Settings */ = {
			isa = PBXGroup;
			children = (
				5DF809582B21393B00036D23 /* Models */,
				5DF8095B2B21396E00036D23 /* Views */,
			);
			path = Settings;
			sourceTree = "<group>";
		};
		5DF809582B21393B00036D23 /* Models */ = {
			isa = PBXGroup;
			children = (
				5DF809592B21394700036D23 /* Preferences.swift */,
			);
			path = Models;
			sourceTree = "<group>";
		};
		5DF8095B2B21396E00036D23 /* Views */ = {
			isa = PBXGroup;
			children = (
				5DF8095C2B2139B700036D23 /* Components */,
				5DF8095F2B2139F700036D23 /* SettingsView.swift */,
				5DF809612B213ADF00036D23 /* ProfileView.swift */,
			);
			path = Views;
			sourceTree = "<group>";
		};
		5DF8095C2B2139B700036D23 /* Components */ = {
			isa = PBXGroup;
			children = (
				5DF8095D2B2139C900036D23 /* DisplayPicture.swift */,
			);
			path = Components;
			sourceTree = "<group>";
		};
		5DF809632B21472200036D23 /* Sessions */ = {
			isa = PBXGroup;
			children = (
				5DF809992B2242A100036D23 /* Models */,
				5DF809652B21473500036D23 /* Views */,
				5DF809662B21473C00036D23 /* ViewModels */,
			);
			path = Sessions;
			sourceTree = "<group>";
		};
		5DF809652B21473500036D23 /* Views */ = {
			isa = PBXGroup;
			children = (
				5DF809922B22254D00036D23 /* Components */,
				5DF809672B21476500036D23 /* HomeView.swift */,
				5DF8098E2B2218B400036D23 /* SessionSearchView.swift */,
				5DF8099A2B22431500036D23 /* SessionView.swift */,
			);
			path = Views;
			sourceTree = "<group>";
		};
		5DF809662B21473C00036D23 /* ViewModels */ = {
			isa = PBXGroup;
			children = (
				5DF809692B21477400036D23 /* SessionViewModel.swift */,
			);
			path = ViewModels;
			sourceTree = "<group>";
		};
		5DF809892B21A0DB00036D23 /* Schema */ = {
			isa = PBXGroup;
			children = (
				5DF8098A2B21A5FB00036D23 /* SchemaV1.swift */,
			);
			path = Schema;
			sourceTree = "<group>";
		};
		5DF809922B22254D00036D23 /* Components */ = {
			isa = PBXGroup;
			children = (
				5DF809932B22256700036D23 /* SessionListItem.swift */,
			);
			path = Components;
			sourceTree = "<group>";
		};
		5DF809992B2242A100036D23 /* Models */ = {
			isa = PBXGroup;
			children = (
				5DF809892B21A0DB00036D23 /* Schema */,
			);
			path = Models;
			sourceTree = "<group>";
		};
/* End PBXGroup section */

/* Begin PBXNativeTarget section */
		5DF809352B21144200036D23 /* ProximityShare */ = {
			isa = PBXNativeTarget;
			buildConfigurationList = 5DF809452B21144400036D23 /* Build configuration list for PBXNativeTarget "ProximityShare" */;
			buildPhases = (
				5DF809322B21144200036D23 /* Sources */,
				5DF809332B21144200036D23 /* Frameworks */,
				5DF809342B21144200036D23 /* Resources */,
			);
			buildRules = (
			);
			dependencies = (
			);
			name = ProximityShare;
			productName = ProximityShare;
			productReference = 5DF809362B21144200036D23 /* ProximityShare.app */;
			productType = "com.apple.product-type.application";
		};
/* End PBXNativeTarget section */

/* Begin PBXProject section */
		5DF8092E2B21144200036D23 /* Project object */ = {
			isa = PBXProject;
			attributes = {
				BuildIndependentTargetsInParallel = 1;
				LastSwiftUpdateCheck = 1500;
				LastUpgradeCheck = 1500;
				TargetAttributes = {
					5DF809352B21144200036D23 = {
						CreatedOnToolsVersion = 15.0.1;
					};
				};
			};
			buildConfigurationList = 5DF809312B21144200036D23 /* Build configuration list for PBXProject "ProximityShare" */;
			compatibilityVersion = "Xcode 14.0";
			developmentRegion = en;
			hasScannedForEncodings = 0;
			knownRegions = (
				en,
				Base,
			);
			mainGroup = 5DF8092D2B21144200036D23;
			productRefGroup = 5DF809372B21144200036D23 /* Products */;
			projectDirPath = "";
			projectRoot = "";
			targets = (
				5DF809352B21144200036D23 /* ProximityShare */,
			);
		};
/* End PBXProject section */

/* Begin PBXResourcesBuildPhase section */
		5DF809342B21144200036D23 /* Resources */ = {
			isa = PBXResourcesBuildPhase;
			buildActionMask = 2147483647;
			files = (
				5DF809422B21144400036D23 /* Preview Assets.xcassets in Resources */,
				5DF8093E2B21144400036D23 /* Assets.xcassets in Resources */,
			);
			runOnlyForDeploymentPostprocessing = 0;
		};
/* End PBXResourcesBuildPhase section */

/* Begin PBXSourcesBuildPhase section */
		5DF809322B21144200036D23 /* Sources */ = {
			isa = PBXSourcesBuildPhase;
			buildActionMask = 2147483647;
			files = (
				5DF8093C2B21144200036D23 /* ContentView.swift in Sources */,
				5DF809982B222F8500036D23 /* MCSessionInvite.swift in Sources */,
				5DF8098F2B2218B400036D23 /* SessionSearchView.swift in Sources */,
				5DF8096A2B21477400036D23 /* SessionViewModel.swift in Sources */,
				5DF809912B2219E700036D23 /* MCEventUpdate.swift in Sources */,
				5DF809622B213ADF00036D23 /* ProfileView.swift in Sources */,
				5DF809962B222B6000036D23 /* JsonUtils.swift in Sources */,
				5DF809602B2139F700036D23 /* SettingsView.swift in Sources */,
				5DF809682B21476500036D23 /* HomeView.swift in Sources */,
				5DF8093A2B21144200036D23 /* ProximityShareApp.swift in Sources */,
				5DF8095A2B21394700036D23 /* Preferences.swift in Sources */,
				5DF8094A2B2114CA00036D23 /* MCSessionManager.swift in Sources */,
				5DF8095E2B2139C900036D23 /* DisplayPicture.swift in Sources */,
				5DF8098B2B21A5FB00036D23 /* SchemaV1.swift in Sources */,
				5DF8098D2B21AB9700036D23 /* PreviewDependencies.swift in Sources */,
				5DF809552B2135F700036D23 /* MCUser.swift in Sources */,
				5DF8099B2B22431500036D23 /* SessionView.swift in Sources */,
				5DF8094F2B2121F200036D23 /* MCSessionDetails.swift in Sources */,
				5DF809942B22256700036D23 /* SessionListItem.swift in Sources */,
			);
			runOnlyForDeploymentPostprocessing = 0;
		};
/* End PBXSourcesBuildPhase section */

/* Begin XCBuildConfiguration section */
		5DF809432B21144400036D23 /* Debug */ = {
			isa = XCBuildConfiguration;
			buildSettings = {
				ALWAYS_SEARCH_USER_PATHS = NO;
				ASSETCATALOG_COMPILER_GENERATE_SWIFT_ASSET_SYMBOL_EXTENSIONS = YES;
				CLANG_ANALYZER_NONNULL = YES;
				CLANG_ANALYZER_NUMBER_OBJECT_CONVERSION = YES_AGGRESSIVE;
				CLANG_CXX_LANGUAGE_STANDARD = "gnu++20";
				CLANG_ENABLE_MODULES = YES;
				CLANG_ENABLE_OBJC_ARC = YES;
				CLANG_ENABLE_OBJC_WEAK = YES;
				CLANG_WARN_BLOCK_CAPTURE_AUTORELEASING = YES;
				CLANG_WARN_BOOL_CONVERSION = YES;
				CLANG_WARN_COMMA = YES;
				CLANG_WARN_CONSTANT_CONVERSION = YES;
				CLANG_WARN_DEPRECATED_OBJC_IMPLEMENTATIONS = YES;
				CLANG_WARN_DIRECT_OBJC_ISA_USAGE = YES_ERROR;
				CLANG_WARN_DOCUMENTATION_COMMENTS = YES;
				CLANG_WARN_EMPTY_BODY = YES;
				CLANG_WARN_ENUM_CONVERSION = YES;
				CLANG_WARN_INFINITE_RECURSION = YES;
				CLANG_WARN_INT_CONVERSION = YES;
				CLANG_WARN_NON_LITERAL_NULL_CONVERSION = YES;
				CLANG_WARN_OBJC_IMPLICIT_RETAIN_SELF = YES;
				CLANG_WARN_OBJC_LITERAL_CONVERSION = YES;
				CLANG_WARN_OBJC_ROOT_CLASS = YES_ERROR;
				CLANG_WARN_QUOTED_INCLUDE_IN_FRAMEWORK_HEADER = YES;
				CLANG_WARN_RANGE_LOOP_ANALYSIS = YES;
				CLANG_WARN_STRICT_PROTOTYPES = YES;
				CLANG_WARN_SUSPICIOUS_MOVE = YES;
				CLANG_WARN_UNGUARDED_AVAILABILITY = YES_AGGRESSIVE;
				CLANG_WARN_UNREACHABLE_CODE = YES;
				CLANG_WARN__DUPLICATE_METHOD_MATCH = YES;
				COPY_PHASE_STRIP = NO;
				DEBUG_INFORMATION_FORMAT = dwarf;
				ENABLE_STRICT_OBJC_MSGSEND = YES;
				ENABLE_TESTABILITY = YES;
				ENABLE_USER_SCRIPT_SANDBOXING = YES;
				GCC_C_LANGUAGE_STANDARD = gnu17;
				GCC_DYNAMIC_NO_PIC = NO;
				GCC_NO_COMMON_BLOCKS = YES;
				GCC_OPTIMIZATION_LEVEL = 0;
				GCC_PREPROCESSOR_DEFINITIONS = (
					"DEBUG=1",
					"$(inherited)",
				);
				GCC_WARN_64_TO_32_BIT_CONVERSION = YES;
				GCC_WARN_ABOUT_RETURN_TYPE = YES_ERROR;
				GCC_WARN_UNDECLARED_SELECTOR = YES;
				GCC_WARN_UNINITIALIZED_AUTOS = YES_AGGRESSIVE;
				GCC_WARN_UNUSED_FUNCTION = YES;
				GCC_WARN_UNUSED_VARIABLE = YES;
				LOCALIZATION_PREFERS_STRING_CATALOGS = YES;
				MTL_ENABLE_DEBUG_INFO = INCLUDE_SOURCE;
				MTL_FAST_MATH = YES;
				ONLY_ACTIVE_ARCH = YES;
				SWIFT_ACTIVE_COMPILATION_CONDITIONS = "DEBUG $(inherited)";
				SWIFT_OPTIMIZATION_LEVEL = "-Onone";
			};
			name = Debug;
		};
		5DF809442B21144400036D23 /* Release */ = {
			isa = XCBuildConfiguration;
			buildSettings = {
				ALWAYS_SEARCH_USER_PATHS = NO;
				ASSETCATALOG_COMPILER_GENERATE_SWIFT_ASSET_SYMBOL_EXTENSIONS = YES;
				CLANG_ANALYZER_NONNULL = YES;
				CLANG_ANALYZER_NUMBER_OBJECT_CONVERSION = YES_AGGRESSIVE;
				CLANG_CXX_LANGUAGE_STANDARD = "gnu++20";
				CLANG_ENABLE_MODULES = YES;
				CLANG_ENABLE_OBJC_ARC = YES;
				CLANG_ENABLE_OBJC_WEAK = YES;
				CLANG_WARN_BLOCK_CAPTURE_AUTORELEASING = YES;
				CLANG_WARN_BOOL_CONVERSION = YES;
				CLANG_WARN_COMMA = YES;
				CLANG_WARN_CONSTANT_CONVERSION = YES;
				CLANG_WARN_DEPRECATED_OBJC_IMPLEMENTATIONS = YES;
				CLANG_WARN_DIRECT_OBJC_ISA_USAGE = YES_ERROR;
				CLANG_WARN_DOCUMENTATION_COMMENTS = YES;
				CLANG_WARN_EMPTY_BODY = YES;
				CLANG_WARN_ENUM_CONVERSION = YES;
				CLANG_WARN_INFINITE_RECURSION = YES;
				CLANG_WARN_INT_CONVERSION = YES;
				CLANG_WARN_NON_LITERAL_NULL_CONVERSION = YES;
				CLANG_WARN_OBJC_IMPLICIT_RETAIN_SELF = YES;
				CLANG_WARN_OBJC_LITERAL_CONVERSION = YES;
				CLANG_WARN_OBJC_ROOT_CLASS = YES_ERROR;
				CLANG_WARN_QUOTED_INCLUDE_IN_FRAMEWORK_HEADER = YES;
				CLANG_WARN_RANGE_LOOP_ANALYSIS = YES;
				CLANG_WARN_STRICT_PROTOTYPES = YES;
				CLANG_WARN_SUSPICIOUS_MOVE = YES;
				CLANG_WARN_UNGUARDED_AVAILABILITY = YES_AGGRESSIVE;
				CLANG_WARN_UNREACHABLE_CODE = YES;
				CLANG_WARN__DUPLICATE_METHOD_MATCH = YES;
				COPY_PHASE_STRIP = NO;
				DEBUG_INFORMATION_FORMAT = "dwarf-with-dsym";
				ENABLE_NS_ASSERTIONS = NO;
				ENABLE_STRICT_OBJC_MSGSEND = YES;
				ENABLE_USER_SCRIPT_SANDBOXING = YES;
				GCC_C_LANGUAGE_STANDARD = gnu17;
				GCC_NO_COMMON_BLOCKS = YES;
				GCC_WARN_64_TO_32_BIT_CONVERSION = YES;
				GCC_WARN_ABOUT_RETURN_TYPE = YES_ERROR;
				GCC_WARN_UNDECLARED_SELECTOR = YES;
				GCC_WARN_UNINITIALIZED_AUTOS = YES_AGGRESSIVE;
				GCC_WARN_UNUSED_FUNCTION = YES;
				GCC_WARN_UNUSED_VARIABLE = YES;
				LOCALIZATION_PREFERS_STRING_CATALOGS = YES;
				MTL_ENABLE_DEBUG_INFO = NO;
				MTL_FAST_MATH = YES;
				SWIFT_COMPILATION_MODE = wholemodule;
			};
			name = Release;
		};
		5DF809462B21144400036D23 /* Debug */ = {
			isa = XCBuildConfiguration;
			buildSettings = {
				ASSETCATALOG_COMPILER_APPICON_NAME = AppIcon;
				ASSETCATALOG_COMPILER_GLOBAL_ACCENT_COLOR_NAME = AccentColor;
				CODE_SIGN_ENTITLEMENTS = ProximityShare/ProximityShare.entitlements;
				CODE_SIGN_STYLE = Automatic;
				CURRENT_PROJECT_VERSION = 1;
				DEVELOPMENT_ASSET_PATHS = "\"ProximityShare/Preview Content\"";
				DEVELOPMENT_TEAM = QX68M6KDVU;
				ENABLE_HARDENED_RUNTIME = YES;
				ENABLE_PREVIEWS = YES;
				GENERATE_INFOPLIST_FILE = YES;
				INFOPLIST_FILE = ProximityShare/Info.plist;
				"INFOPLIST_KEY_UIApplicationSceneManifest_Generation[sdk=iphoneos*]" = YES;
				"INFOPLIST_KEY_UIApplicationSceneManifest_Generation[sdk=iphonesimulator*]" = YES;
				"INFOPLIST_KEY_UIApplicationSupportsIndirectInputEvents[sdk=iphoneos*]" = YES;
				"INFOPLIST_KEY_UIApplicationSupportsIndirectInputEvents[sdk=iphonesimulator*]" = YES;
				"INFOPLIST_KEY_UILaunchScreen_Generation[sdk=iphoneos*]" = YES;
				"INFOPLIST_KEY_UILaunchScreen_Generation[sdk=iphonesimulator*]" = YES;
				"INFOPLIST_KEY_UIStatusBarStyle[sdk=iphoneos*]" = UIStatusBarStyleDefault;
				"INFOPLIST_KEY_UIStatusBarStyle[sdk=iphonesimulator*]" = UIStatusBarStyleDefault;
				INFOPLIST_KEY_UISupportedInterfaceOrientations_iPad = "UIInterfaceOrientationPortrait UIInterfaceOrientationPortraitUpsideDown UIInterfaceOrientationLandscapeLeft UIInterfaceOrientationLandscapeRight";
				INFOPLIST_KEY_UISupportedInterfaceOrientations_iPhone = "UIInterfaceOrientationPortrait UIInterfaceOrientationLandscapeLeft UIInterfaceOrientationLandscapeRight";
				IPHONEOS_DEPLOYMENT_TARGET = 17.0;
				LD_RUNPATH_SEARCH_PATHS = "@executable_path/Frameworks";
				"LD_RUNPATH_SEARCH_PATHS[sdk=macosx*]" = "@executable_path/../Frameworks";
				MACOSX_DEPLOYMENT_TARGET = 14.0;
				MARKETING_VERSION = 1.0;
				PRODUCT_BUNDLE_IDENTIFIER = rrm.ProximityShare;
				PRODUCT_NAME = "$(TARGET_NAME)";
				SDKROOT = auto;
				SUPPORTED_PLATFORMS = "iphoneos iphonesimulator macosx";
				SWIFT_EMIT_LOC_STRINGS = YES;
				SWIFT_VERSION = 5.0;
				TARGETED_DEVICE_FAMILY = "1,2";
			};
			name = Debug;
		};
		5DF809472B21144400036D23 /* Release */ = {
			isa = XCBuildConfiguration;
			buildSettings = {
				ASSETCATALOG_COMPILER_APPICON_NAME = AppIcon;
				ASSETCATALOG_COMPILER_GLOBAL_ACCENT_COLOR_NAME = AccentColor;
				CODE_SIGN_ENTITLEMENTS = ProximityShare/ProximityShare.entitlements;
				CODE_SIGN_STYLE = Automatic;
				CURRENT_PROJECT_VERSION = 1;
				DEVELOPMENT_ASSET_PATHS = "\"ProximityShare/Preview Content\"";
				DEVELOPMENT_TEAM = QX68M6KDVU;
				ENABLE_HARDENED_RUNTIME = YES;
				ENABLE_PREVIEWS = YES;
				GENERATE_INFOPLIST_FILE = YES;
				INFOPLIST_FILE = ProximityShare/Info.plist;
				"INFOPLIST_KEY_UIApplicationSceneManifest_Generation[sdk=iphoneos*]" = YES;
				"INFOPLIST_KEY_UIApplicationSceneManifest_Generation[sdk=iphonesimulator*]" = YES;
				"INFOPLIST_KEY_UIApplicationSupportsIndirectInputEvents[sdk=iphoneos*]" = YES;
				"INFOPLIST_KEY_UIApplicationSupportsIndirectInputEvents[sdk=iphonesimulator*]" = YES;
				"INFOPLIST_KEY_UILaunchScreen_Generation[sdk=iphoneos*]" = YES;
				"INFOPLIST_KEY_UILaunchScreen_Generation[sdk=iphonesimulator*]" = YES;
				"INFOPLIST_KEY_UIStatusBarStyle[sdk=iphoneos*]" = UIStatusBarStyleDefault;
				"INFOPLIST_KEY_UIStatusBarStyle[sdk=iphonesimulator*]" = UIStatusBarStyleDefault;
				INFOPLIST_KEY_UISupportedInterfaceOrientations_iPad = "UIInterfaceOrientationPortrait UIInterfaceOrientationPortraitUpsideDown UIInterfaceOrientationLandscapeLeft UIInterfaceOrientationLandscapeRight";
				INFOPLIST_KEY_UISupportedInterfaceOrientations_iPhone = "UIInterfaceOrientationPortrait UIInterfaceOrientationLandscapeLeft UIInterfaceOrientationLandscapeRight";
				IPHONEOS_DEPLOYMENT_TARGET = 17.0;
				LD_RUNPATH_SEARCH_PATHS = "@executable_path/Frameworks";
				"LD_RUNPATH_SEARCH_PATHS[sdk=macosx*]" = "@executable_path/../Frameworks";
				MACOSX_DEPLOYMENT_TARGET = 14.0;
				MARKETING_VERSION = 1.0;
				PRODUCT_BUNDLE_IDENTIFIER = rrm.ProximityShare;
				PRODUCT_NAME = "$(TARGET_NAME)";
				SDKROOT = auto;
				SUPPORTED_PLATFORMS = "iphoneos iphonesimulator macosx";
				SWIFT_EMIT_LOC_STRINGS = YES;
				SWIFT_VERSION = 5.0;
				TARGETED_DEVICE_FAMILY = "1,2";
			};
			name = Release;
		};
/* End XCBuildConfiguration section */

/* Begin XCConfigurationList section */
		5DF809312B21144200036D23 /* Build configuration list for PBXProject "ProximityShare" */ = {
			isa = XCConfigurationList;
			buildConfigurations = (
				5DF809432B21144400036D23 /* Debug */,
				5DF809442B21144400036D23 /* Release */,
			);
			defaultConfigurationIsVisible = 0;
			defaultConfigurationName = Release;
		};
		5DF809452B21144400036D23 /* Build configuration list for PBXNativeTarget "ProximityShare" */ = {
			isa = XCConfigurationList;
			buildConfigurations = (
				5DF809462B21144400036D23 /* Debug */,
				5DF809472B21144400036D23 /* Release */,
			);
			defaultConfigurationIsVisible = 0;
			defaultConfigurationName = Release;
		};
/* End XCConfigurationList section */
	};
	rootObject = 5DF8092E2B21144200036D23 /* Project object */;
}
